// !$*UTF8*$!
{
	archiveVersion = 1;
	classes = {
	};
	objectVersion = 50;
	objects = {

/* Begin PBXBuildFile section */
		11AF8176D94DAF36D8BF60B9 /* Pods_AR_Trouble.framework in Frameworks */ = {isa = PBXBuildFile; fileRef = E20BC7DE89C8419DAAEEE898 /* Pods_AR_Trouble.framework */; };
		A325A5F9209B32E000D28DD6 /* AppDelegate.swift in Sources */ = {isa = PBXBuildFile; fileRef = A325A5F8209B32E000D28DD6 /* AppDelegate.swift */; };
		A325A600209B32E100D28DD6 /* Assets.xcassets in Resources */ = {isa = PBXBuildFile; fileRef = A325A5FF209B32E100D28DD6 /* Assets.xcassets */; };
		A325A603209B32E100D28DD6 /* LaunchScreen.storyboard in Resources */ = {isa = PBXBuildFile; fileRef = A325A601209B32E100D28DD6 /* LaunchScreen.storyboard */; };
		A325A60B209B35E700D28DD6 /* GameViewController.swift in Sources */ = {isa = PBXBuildFile; fileRef = A325A60A209B35E700D28DD6 /* GameViewController.swift */; };
		A325A60F209B53BC00D28DD6 /* Extension.swift in Sources */ = {isa = PBXBuildFile; fileRef = A325A60E209B53BC00D28DD6 /* Extension.swift */; };
/* End PBXBuildFile section */

/* Begin PBXFileReference section */
		A325A5F5209B32E000D28DD6 /* AR_Trouble.app */ = {isa = PBXFileReference; explicitFileType = wrapper.application; includeInIndex = 0; path = AR_Trouble.app; sourceTree = BUILT_PRODUCTS_DIR; };
		A325A5F8209B32E000D28DD6 /* AppDelegate.swift */ = {isa = PBXFileReference; lastKnownFileType = sourcecode.swift; path = AppDelegate.swift; sourceTree = "<group>"; };
		A325A5FF209B32E100D28DD6 /* Assets.xcassets */ = {isa = PBXFileReference; lastKnownFileType = folder.assetcatalog; path = Assets.xcassets; sourceTree = "<group>"; };
		A325A602209B32E100D28DD6 /* Base */ = {isa = PBXFileReference; lastKnownFileType = file.storyboard; name = Base; path = Base.lproj/LaunchScreen.storyboard; sourceTree = "<group>"; };
		A325A604209B32E100D28DD6 /* Info.plist */ = {isa = PBXFileReference; lastKnownFileType = text.plist.xml; path = Info.plist; sourceTree = "<group>"; };
		A325A60A209B35E700D28DD6 /* GameViewController.swift */ = {isa = PBXFileReference; lastKnownFileType = sourcecode.swift; path = GameViewController.swift; sourceTree = "<group>"; };
		A325A60E209B53BC00D28DD6 /* Extension.swift */ = {isa = PBXFileReference; lastKnownFileType = sourcecode.swift; path = Extension.swift; sourceTree = "<group>"; };
		AD4BD5E2388231035D1CD429 /* Pods-AR_Trouble.debug.xcconfig */ = {isa = PBXFileReference; includeInIndex = 1; lastKnownFileType = text.xcconfig; name = "Pods-AR_Trouble.debug.xcconfig"; path = "Pods/Target Support Files/Pods-AR_Trouble/Pods-AR_Trouble.debug.xcconfig"; sourceTree = "<group>"; };
		E20BC7DE89C8419DAAEEE898 /* Pods_AR_Trouble.framework */ = {isa = PBXFileReference; explicitFileType = wrapper.framework; includeInIndex = 0; path = Pods_AR_Trouble.framework; sourceTree = BUILT_PRODUCTS_DIR; };
		FA772CC3EA4EAA9314FE5D1D /* Pods-AR_Trouble.release.xcconfig */ = {isa = PBXFileReference; includeInIndex = 1; lastKnownFileType = text.xcconfig; name = "Pods-AR_Trouble.release.xcconfig"; path = "Pods/Target Support Files/Pods-AR_Trouble/Pods-AR_Trouble.release.xcconfig"; sourceTree = "<group>"; };
/* End PBXFileReference section */

/* Begin PBXFrameworksBuildPhase section */
		A325A5F2209B32E000D28DD6 /* Frameworks */ = {
			isa = PBXFrameworksBuildPhase;
			buildActionMask = 2147483647;
			files = (
				11AF8176D94DAF36D8BF60B9 /* Pods_AR_Trouble.framework in Frameworks */,
			);
			runOnlyForDeploymentPostprocessing = 0;
		};
/* End PBXFrameworksBuildPhase section */

/* Begin PBXGroup section */
		3F37EF406E6B5B51DF898D0D /* Pods */ = {
			isa = PBXGroup;
			children = (
				AD4BD5E2388231035D1CD429 /* Pods-AR_Trouble.debug.xcconfig */,
				FA772CC3EA4EAA9314FE5D1D /* Pods-AR_Trouble.release.xcconfig */,
			);
			name = Pods;
			sourceTree = "<group>";
		};
		9346A9618C924FF9923240CD /* Frameworks */ = {
			isa = PBXGroup;
			children = (
				E20BC7DE89C8419DAAEEE898 /* Pods_AR_Trouble.framework */,
			);
			name = Frameworks;
			sourceTree = "<group>";
		};
		A325A5EC209B32DF00D28DD6 = {
			isa = PBXGroup;
			children = (
				A325A5F7209B32E000D28DD6 /* AR_Trouble */,
				A325A5F6209B32E000D28DD6 /* Products */,
				3F37EF406E6B5B51DF898D0D /* Pods */,
				9346A9618C924FF9923240CD /* Frameworks */,
			);
			sourceTree = "<group>";
		};
		A325A5F6209B32E000D28DD6 /* Products */ = {
			isa = PBXGroup;
			children = (
				A325A5F5209B32E000D28DD6 /* AR_Trouble.app */,
			);
			name = Products;
			sourceTree = "<group>";
		};
		A325A5F7209B32E000D28DD6 /* AR_Trouble */ = {
			isa = PBXGroup;
			children = (
				A325A5F8209B32E000D28DD6 /* AppDelegate.swift */,
				A325A5FF209B32E100D28DD6 /* Assets.xcassets */,
				A325A601209B32E100D28DD6 /* LaunchScreen.storyboard */,
				A325A604209B32E100D28DD6 /* Info.plist */,
				A325A60A209B35E700D28DD6 /* GameViewController.swift */,
				A325A60E209B53BC00D28DD6 /* Extension.swift */,
			);
			path = AR_Trouble;
			sourceTree = "<group>";
		};
/* End PBXGroup section */

/* Begin PBXNativeTarget section */
		A325A5F4209B32E000D28DD6 /* AR_Trouble */ = {
			isa = PBXNativeTarget;
			buildConfigurationList = A325A607209B32E100D28DD6 /* Build configuration list for PBXNativeTarget "AR_Trouble" */;
			buildPhases = (
				10B32B46F912581E26CEEB4D /* [CP] Check Pods Manifest.lock */,
				A325A5F1209B32E000D28DD6 /* Sources */,
				A325A5F2209B32E000D28DD6 /* Frameworks */,
				A325A5F3209B32E000D28DD6 /* Resources */,
				DD73F9B8542033E3E818AE04 /* [CP] Embed Pods Frameworks */,
			);
			buildRules = (
			);
			dependencies = (
			);
			name = AR_Trouble;
			productName = AR_Trouble;
			productReference = A325A5F5209B32E000D28DD6 /* AR_Trouble.app */;
			productType = "com.apple.product-type.application";
		};
/* End PBXNativeTarget section */

/* Begin PBXProject section */
		A325A5ED209B32DF00D28DD6 /* Project object */ = {
			isa = PBXProject;
			attributes = {
				LastSwiftUpdateCheck = 0940;
				LastUpgradeCheck = 0940;
				ORGANIZATIONNAME = "Imke Beekmans";
				TargetAttributes = {
					A325A5F4209B32E000D28DD6 = {
						CreatedOnToolsVersion = 9.4;
					};
				};
			};
			buildConfigurationList = A325A5F0209B32DF00D28DD6 /* Build configuration list for PBXProject "AR_Trouble" */;
			compatibilityVersion = "Xcode 9.3";
			developmentRegion = en;
			hasScannedForEncodings = 0;
			knownRegions = (
				en,
				Base,
			);
			mainGroup = A325A5EC209B32DF00D28DD6;
			productRefGroup = A325A5F6209B32E000D28DD6 /* Products */;
			projectDirPath = "";
			projectRoot = "";
			targets = (
				A325A5F4209B32E000D28DD6 /* AR_Trouble */,
			);
		};
/* End PBXProject section */

/* Begin PBXResourcesBuildPhase section */
		A325A5F3209B32E000D28DD6 /* Resources */ = {
			isa = PBXResourcesBuildPhase;
			buildActionMask = 2147483647;
			files = (
				A325A603209B32E100D28DD6 /* LaunchScreen.storyboard in Resources */,
				A325A600209B32E100D28DD6 /* Assets.xcassets in Resources */,
			);
			runOnlyForDeploymentPostprocessing = 0;
		};
/* End PBXResourcesBuildPhase section */

/* Begin PBXShellScriptBuildPhase section */
		10B32B46F912581E26CEEB4D /* [CP] Check Pods Manifest.lock */ = {
			isa = PBXShellScriptBuildPhase;
			buildActionMask = 2147483647;
			files = (
			);
			inputPaths = (
				"${PODS_PODFILE_DIR_PATH}/Podfile.lock",
				"${PODS_ROOT}/Manifest.lock",
			);
			name = "[CP] Check Pods Manifest.lock";
			outputPaths = (
				"$(DERIVED_FILE_DIR)/Pods-AR_Trouble-checkManifestLockResult.txt",
			);
			runOnlyForDeploymentPostprocessing = 0;
			shellPath = /bin/sh;
			shellScript = "diff \"${PODS_PODFILE_DIR_PATH}/Podfile.lock\" \"${PODS_ROOT}/Manifest.lock\" > /dev/null\nif [ $? != 0 ] ; then\n    # print error to STDERR\n    echo \"error: The sandbox is not in sync with the Podfile.lock. Run 'pod install' or update your CocoaPods installation.\" >&2\n    exit 1\nfi\n# This output is used by Xcode 'outputs' to avoid re-running this script phase.\necho \"SUCCESS\" > \"${SCRIPT_OUTPUT_FILE_0}\"\n";
			showEnvVarsInLog = 0;
		};
		DD73F9B8542033E3E818AE04 /* [CP] Embed Pods Frameworks */ = {
			isa = PBXShellScriptBuildPhase;
			buildActionMask = 2147483647;
			files = (
			);
			inputPaths = (
				"${SRCROOT}/Pods/Target Support Files/Pods-AR_Trouble/Pods-AR_Trouble-frameworks.sh",
				"${BUILT_PRODUCTS_DIR}/LBTAComponents/LBTAComponents.framework",
			);
			name = "[CP] Embed Pods Frameworks";
			outputPaths = (
				"${TARGET_BUILD_DIR}/${FRAMEWORKS_FOLDER_PATH}/LBTAComponents.framework",
			);
			runOnlyForDeploymentPostprocessing = 0;
			shellPath = /bin/sh;
			shellScript = "\"${SRCROOT}/Pods/Target Support Files/Pods-AR_Trouble/Pods-AR_Trouble-frameworks.sh\"\n";
			showEnvVarsInLog = 0;
		};
/* End PBXShellScriptBuildPhase section */

/* Begin PBXSourcesBuildPhase section */
		A325A5F1209B32E000D28DD6 /* Sources */ = {
			isa = PBXSourcesBuildPhase;
			buildActionMask = 2147483647;
			files = (
				A325A60F209B53BC00D28DD6 /* Extension.swift in Sources */,
				A325A60B209B35E700D28DD6 /* GameViewController.swift in Sources */,
				A325A5F9209B32E000D28DD6 /* AppDelegate.swift in Sources */,
			);
			runOnlyForDeploymentPostprocessing = 0;
		};
/* End PBXSourcesBuildPhase section */

/* Begin PBXVariantGroup section */
		A325A601209B32E100D28DD6 /* LaunchScreen.storyboard */ = {
			isa = PBXVariantGroup;
			children = (
				A325A602209B32E100D28DD6 /* Base */,
			);
			name = LaunchScreen.storyboard;
			sourceTree = "<group>";
		};
/* End PBXVariantGroup section */

/* Begin XCBuildConfiguration section */
		A325A605209B32E100D28DD6 /* Debug */ = {
			isa = XCBuildConfiguration;
			buildSettings = {
				ALWAYS_SEARCH_USER_PATHS = NO;
				CLANG_ANALYZER_NONNULL = YES;
				CLANG_ANALYZER_NUMBER_OBJECT_CONVERSION = YES_AGGRESSIVE;
				CLANG_CXX_LANGUAGE_STANDARD = "gnu++14";
				CLANG_CXX_LIBRARY = "libc++";
				CLANG_ENABLE_MODULES = YES;
				CLANG_ENABLE_OBJC_ARC = YES;
				CLANG_ENABLE_OBJC_WEAK = YES;
				CLANG_WARN_BLOCK_CAPTURE_AUTORELEASING = YES;
				CLANG_WARN_BOOL_CONVERSION = YES;
				CLANG_WARN_COMMA = YES;
				CLANG_WARN_CONSTANT_CONVERSION = YES;
				CLANG_WARN_DEPRECATED_OBJC_IMPLEMENTATIONS = YES;
				CLANG_WARN_DIRECT_OBJC_ISA_USAGE = YES_ERROR;
				CLANG_WARN_DOCUMENTATION_COMMENTS = YES;
				CLANG_WARN_EMPTY_BODY = YES;
				CLANG_WARN_ENUM_CONVERSION = YES;
				CLANG_WARN_INFINITE_RECURSION = YES;
				CLANG_WARN_INT_CONVERSION = YES;
				CLANG_WARN_NON_LITERAL_NULL_CONVERSION = YES;
				CLANG_WARN_OBJC_IMPLICIT_RETAIN_SELF = YES;
				CLANG_WARN_OBJC_LITERAL_CONVERSION = YES;
				CLANG_WARN_OBJC_ROOT_CLASS = YES_ERROR;
				CLANG_WARN_RANGE_LOOP_ANALYSIS = YES;
				CLANG_WARN_STRICT_PROTOTYPES = YES;
				CLANG_WARN_SUSPICIOUS_MOVE = YES;
				CLANG_WARN_UNGUARDED_AVAILABILITY = YES_AGGRESSIVE;
				CLANG_WARN_UNREACHABLE_CODE = YES;
				CLANG_WARN__DUPLICATE_METHOD_MATCH = YES;
				CODE_SIGN_IDENTITY = "iPhone Developer";
				COPY_PHASE_STRIP = NO;
				DEBUG_INFORMATION_FORMAT = dwarf;
				ENABLE_STRICT_OBJC_MSGSEND = YES;
				ENABLE_TESTABILITY = YES;
				GCC_C_LANGUAGE_STANDARD = gnu11;
				GCC_DYNAMIC_NO_PIC = NO;
				GCC_NO_COMMON_BLOCKS = YES;
				GCC_OPTIMIZATION_LEVEL = 0;
				GCC_PREPROCESSOR_DEFINITIONS = (
					"DEBUG=1",
					"$(inherited)",
				);
				GCC_WARN_64_TO_32_BIT_CONVERSION = YES;
				GCC_WARN_ABOUT_RETURN_TYPE = YES_ERROR;
				GCC_WARN_UNDECLARED_SELECTOR = YES;
				GCC_WARN_UNINITIALIZED_AUTOS = YES_AGGRESSIVE;
				GCC_WARN_UNUSED_FUNCTION = YES;
				GCC_WARN_UNUSED_VARIABLE = YES;
				IPHONEOS_DEPLOYMENT_TARGET = 11.3;
				MTL_ENABLE_DEBUG_INFO = YES;
				ONLY_ACTIVE_ARCH = YES;
				SDKROOT = iphoneos;
				SWIFT_ACTIVE_COMPILATION_CONDITIONS = DEBUG;
				SWIFT_OPTIMIZATION_LEVEL = "-Onone";
			};
			name = Debug;
		};
		A325A606209B32E100D28DD6 /* Release */ = {
			isa = XCBuildConfiguration;
			buildSettings = {
				ALWAYS_SEARCH_USER_PATHS = NO;
				CLANG_ANALYZER_NONNULL = YES;
				CLANG_ANALYZER_NUMBER_OBJECT_CONVERSION = YES_AGGRESSIVE;
				CLANG_CXX_LANGUAGE_STANDARD = "gnu++14";
				CLANG_CXX_LIBRARY = "libc++";
				CLANG_ENABLE_MODULES = YES;
				CLANG_ENABLE_OBJC_ARC = YES;
				CLANG_ENABLE_OBJC_WEAK = YES;
				CLANG_WARN_BLOCK_CAPTURE_AUTORELEASING = YES;
				CLANG_WARN_BOOL_CONVERSION = YES;
				CLANG_WARN_COMMA = YES;
				CLANG_WARN_CONSTANT_CONVERSION = YES;
				CLANG_WARN_DEPRECATED_OBJC_IMPLEMENTATIONS = YES;
				CLANG_WARN_DIRECT_OBJC_ISA_USAGE = YES_ERROR;
				CLANG_WARN_DOCUMENTATION_COMMENTS = YES;
				CLANG_WARN_EMPTY_BODY = YES;
				CLANG_WARN_ENUM_CONVERSION = YES;
				CLANG_WARN_INFINITE_RECURSION = YES;
				CLANG_WARN_INT_CONVERSION = YES;
				CLANG_WARN_NON_LITERAL_NULL_CONVERSION = YES;
				CLANG_WARN_OBJC_IMPLICIT_RETAIN_SELF = YES;
				CLANG_WARN_OBJC_LITERAL_CONVERSION = YES;
				CLANG_WARN_OBJC_ROOT_CLASS = YES_ERROR;
				CLANG_WARN_RANGE_LOOP_ANALYSIS = YES;
				CLANG_WARN_STRICT_PROTOTYPES = YES;
				CLANG_WARN_SUSPICIOUS_MOVE = YES;
				CLANG_WARN_UNGUARDED_AVAILABILITY = YES_AGGRESSIVE;
				CLANG_WARN_UNREACHABLE_CODE = YES;
				CLANG_WARN__DUPLICATE_METHOD_MATCH = YES;
				CODE_SIGN_IDENTITY = "iPhone Developer";
				COPY_PHASE_STRIP = NO;
				DEBUG_INFORMATION_FORMAT = "dwarf-with-dsym";
				ENABLE_NS_ASSERTIONS = NO;
				ENABLE_STRICT_OBJC_MSGSEND = YES;
				GCC_C_LANGUAGE_STANDARD = gnu11;
				GCC_NO_COMMON_BLOCKS = YES;
				GCC_WARN_64_TO_32_BIT_CONVERSION = YES;
				GCC_WARN_ABOUT_RETURN_TYPE = YES_ERROR;
				GCC_WARN_UNDECLARED_SELECTOR = YES;
				GCC_WARN_UNINITIALIZED_AUTOS = YES_AGGRESSIVE;
				GCC_WARN_UNUSED_FUNCTION = YES;
				GCC_WARN_UNUSED_VARIABLE = YES;
				IPHONEOS_DEPLOYMENT_TARGET = 11.3;
				MTL_ENABLE_DEBUG_INFO = NO;
				SDKROOT = iphoneos;
				SWIFT_COMPILATION_MODE = wholemodule;
				SWIFT_OPTIMIZATION_LEVEL = "-O";
				VALIDATE_PRODUCT = YES;
			};
			name = Release;
		};
		A325A608209B32E100D28DD6 /* Debug */ = {
			isa = XCBuildConfiguration;
			baseConfigurationReference = AD4BD5E2388231035D1CD429 /* Pods-AR_Trouble.debug.xcconfig */;
			buildSettings = {
				ASSETCATALOG_COMPILER_APPICON_NAME = AppIcon;
				CODE_SIGN_STYLE = Automatic;
				DEVELOPMENT_TEAM = PQ2U5MTJCF;
				INFOPLIST_FILE = AR_Trouble/Info.plist;
				LD_RUNPATH_SEARCH_PATHS = (
					"$(inherited)",
					"@executable_path/Frameworks",
				);
				PRODUCT_BUNDLE_IDENTIFIER = "FBP.AR-Trouble";
				PRODUCT_NAME = "$(TARGET_NAME)";
				SWIFT_VERSION = 4.0;
				TARGETED_DEVICE_FAMILY = "1,2";
			};
			name = Debug;
		};
		A325A609209B32E100D28DD6 /* Release */ = {
			isa = XCBuildConfiguration;
			baseConfigurationReference = FA772CC3EA4EAA9314FE5D1D /* Pods-AR_Trouble.release.xcconfig */;
			buildSettings = {
				ASSETCATALOG_COMPILER_APPICON_NAME = AppIcon;
				CODE_SIGN_STYLE = Automatic;
				DEVELOPMENT_TEAM = PQ2U5MTJCF;
				INFOPLIST_FILE = AR_Trouble/Info.plist;
				LD_RUNPATH_SEARCH_PATHS = (
					"$(inherited)",
					"@executable_path/Frameworks",
				);
				PRODUCT_BUNDLE_IDENTIFIER = "FBP.AR-Trouble";
				PRODUCT_NAME = "$(TARGET_NAME)";
				SWIFT_VERSION = 4.0;
				TARGETED_DEVICE_FAMILY = "1,2";
			};
			name = Release;
		};
/* End XCBuildConfiguration section */

/* Begin XCConfigurationList section */
		A325A5F0209B32DF00D28DD6 /* Build configuration list for PBXProject "AR_Trouble" */ = {
			isa = XCConfigurationList;
			buildConfigurations = (
				A325A605209B32E100D28DD6 /* Debug */,
				A325A606209B32E100D28DD6 /* Release */,
			);
			defaultConfigurationIsVisible = 0;
			defaultConfigurationName = Release;
		};
		A325A607209B32E100D28DD6 /* Build configuration list for PBXNativeTarget "AR_Trouble" */ = {
			isa = XCConfigurationList;
			buildConfigurations = (
				A325A608209B32E100D28DD6 /* Debug */,
				A325A609209B32E100D28DD6 /* Release */,
			);
			defaultConfigurationIsVisible = 0;
			defaultConfigurationName = Release;
		};
/* End XCConfigurationList section */
	};
	rootObject = A325A5ED209B32DF00D28DD6 /* Project object */;
}
